
Microsoft Visual Studio Solution File, Format Version 12.00
# Visual Studio Version 16
VisualStudioVersion = 16.0.31702.278
MinimumVisualStudioVersion = 10.0.40219.1
Project("{FAE04EC0-301F-11D3-BF4B-00C04F79EFBC}") = "WPF1", "WPF1\WPF1.csproj", "{C13ED4C4-D9ED-4EFE-AEBE-9C588A9F4FA5}"
EndProject
Global
	GlobalSection(SolutionConfigurationPlatforms) = preSolution
		Debug|Any CPU = Debug|Any CPU
		Release|Any CPU = Release|Any CPU
	EndGlobalSection
	GlobalSection(ProjectConfigurationPlatforms) = postSolution
		{C13ED4C4-D9ED-4EFE-AEBE-9C588A9F4FA5}.Debug|Any CPU.ActiveCfg = Debug|Any CPU
		{C13ED4C4-D9ED-4EFE-AEBE-9C588A9F4FA5}.Debug|Any CPU.Build.0 = Debug|Any CPU
		{C13ED4C4-D9ED-4EFE-AEBE-9C588A9F4FA5}.Release|Any CPU.ActiveCfg = Release|Any CPU
		{C13ED4C4-D9ED-4EFE-AEBE-9C588A9F4FA5}.Release|Any CPU.Build.0 = Release|Any CPU
	EndGlobalSection
	GlobalSection(SolutionProperties) = preSolution
		HideSolutionNode = FALSE
	EndGlobalSection
	GlobalSection(ExtensibilityGlobals) = postSolution
		SolutionGuid = {3DD49607-D8B1-413E-BEFC-239186CD511D}
	EndGlobalSection
EndGlobal
